
Microsoft Visual Studio Solution File, Format Version 12.00
# Visual Studio Version 18
VisualStudioVersion = 18.0.11205.157
MinimumVisualStudioVersion = 10.0.40219.1
Project("{FAE04EC0-301F-11D3-BF4B-00C04F79EFBC}") = "webPickleballTerrebonne", "webPickleballTerrebonne\webPickleballTerrebonne.csproj", "{9B07F7A6-43ED-4217-8A4A-DCEA7C274622}"
EndProject
Project("{FAE04EC0-301F-11D3-BF4B-00C04F79EFBC}") = "webPickleballTerrebonne.Data", "webPickleballTerrebonne.Data\webPickleballTerrebonne.Data.csproj", "{18BB14BD-8BB9-49A3-9D6B-07950C5EA42A}"
EndProject
Global
	GlobalSection(SolutionConfigurationPlatforms) = preSolution
		Debug|Any CPU = Debug|Any CPU
		Release|Any CPU = Release|Any CPU
	EndGlobalSection
	GlobalSection(ProjectConfigurationPlatforms) = postSolution
		{9B07F7A6-43ED-4217-8A4A-DCEA7C274622}.Debug|Any CPU.ActiveCfg = Debug|Any CPU
		{9B07F7A6-43ED-4217-8A4A-DCEA7C274622}.Debug|Any CPU.Build.0 = Debug|Any CPU
		{9B07F7A6-43ED-4217-8A4A-DCEA7C274622}.Release|Any CPU.ActiveCfg = Release|Any CPU
		{9B07F7A6-43ED-4217-8A4A-DCEA7C274622}.Release|Any CPU.Build.0 = Release|Any CPU
		{18BB14BD-8BB9-49A3-9D6B-07950C5EA42A}.Debug|Any CPU.ActiveCfg = Debug|Any CPU
		{18BB14BD-8BB9-49A3-9D6B-07950C5EA42A}.Debug|Any CPU.Build.0 = Debug|Any CPU
		{18BB14BD-8BB9-49A3-9D6B-07950C5EA42A}.Release|Any CPU.ActiveCfg = Release|Any CPU
		{18BB14BD-8BB9-49A3-9D6B-07950C5EA42A}.Release|Any CPU.Build.0 = Release|Any CPU
	EndGlobalSection
	GlobalSection(SolutionProperties) = preSolution
		HideSolutionNode = FALSE
	EndGlobalSection
	GlobalSection(ExtensibilityGlobals) = postSolution
		SolutionGuid = {C45FDCDF-71A8-45CF-88CE-5FA6D104C12D}
	EndGlobalSection
EndGlobal
